// !$*UTF8*$!
{
	archiveVersion = 1;
	classes = {
	};
	objectVersion = 48;
	objects = {

/* Begin PBXBuildFile section */
		302607251F8716B800C7ADC1 /* AppDelegate.swift in Sources */ = {isa = PBXBuildFile; fileRef = 302607241F8716B800C7ADC1 /* AppDelegate.swift */; };
		302607271F8716B800C7ADC1 /* ViewController.swift in Sources */ = {isa = PBXBuildFile; fileRef = 302607261F8716B800C7ADC1 /* ViewController.swift */; };
		3026072A1F8716B800C7ADC1 /* Main.storyboard in Resources */ = {isa = PBXBuildFile; fileRef = 302607281F8716B800C7ADC1 /* Main.storyboard */; };
		3026072C1F8716B800C7ADC1 /* Assets.xcassets in Resources */ = {isa = PBXBuildFile; fileRef = 3026072B1F8716B800C7ADC1 /* Assets.xcassets */; };
		3026072F1F8716B800C7ADC1 /* LaunchScreen.storyboard in Resources */ = {isa = PBXBuildFile; fileRef = 3026072D1F8716B800C7ADC1 /* LaunchScreen.storyboard */; };
		3026073A1F8716B800C7ADC1 /* sliderTests.swift in Sources */ = {isa = PBXBuildFile; fileRef = 302607391F8716B800C7ADC1 /* sliderTests.swift */; };
		302607451F8716B800C7ADC1 /* sliderUITests.swift in Sources */ = {isa = PBXBuildFile; fileRef = 302607441F8716B800C7ADC1 /* sliderUITests.swift */; };
/* End PBXBuildFile section */

/* Begin PBXContainerItemProxy section */
		302607361F8716B800C7ADC1 /* PBXContainerItemProxy */ = {
			isa = PBXContainerItemProxy;
			containerPortal = 302607191F8716B800C7ADC1 /* Project object */;
			proxyType = 1;
			remoteGlobalIDString = 302607201F8716B800C7ADC1;
			remoteInfo = slider;
		};
		302607411F8716B800C7ADC1 /* PBXContainerItemProxy */ = {
			isa = PBXContainerItemProxy;
			containerPortal = 302607191F8716B800C7ADC1 /* Project object */;
			proxyType = 1;
			remoteGlobalIDString = 302607201F8716B800C7ADC1;
			remoteInfo = slider;
		};
/* End PBXContainerItemProxy section */

/* Begin PBXFileReference section */
		302607211F8716B800C7ADC1 /* slider.app */ = {isa = PBXFileReference; explicitFileType = wrapper.application; includeInIndex = 0; path = slider.app; sourceTree = BUILT_PRODUCTS_DIR; };
		302607241F8716B800C7ADC1 /* AppDelegate.swift */ = {isa = PBXFileReference; lastKnownFileType = sourcecode.swift; path = AppDelegate.swift; sourceTree = "<group>"; };
		302607261F8716B800C7ADC1 /* ViewController.swift */ = {isa = PBXFileReference; lastKnownFileType = sourcecode.swift; path = ViewController.swift; sourceTree = "<group>"; };
		302607291F8716B800C7ADC1 /* Base */ = {isa = PBXFileReference; lastKnownFileType = file.storyboard; name = Base; path = Base.lproj/Main.storyboard; sourceTree = "<group>"; };
		3026072B1F8716B800C7ADC1 /* Assets.xcassets */ = {isa = PBXFileReference; lastKnownFileType = folder.assetcatalog; path = Assets.xcassets; sourceTree = "<group>"; };
		3026072E1F8716B800C7ADC1 /* Base */ = {isa = PBXFileReference; lastKnownFileType = file.storyboard; name = Base; path = Base.lproj/LaunchScreen.storyboard; sourceTree = "<group>"; };
		302607301F8716B800C7ADC1 /* Info.plist */ = {isa = PBXFileReference; lastKnownFileType = text.plist.xml; path = Info.plist; sourceTree = "<group>"; };
		302607351F8716B800C7ADC1 /* sliderTests.xctest */ = {isa = PBXFileReference; explicitFileType = wrapper.cfbundle; includeInIndex = 0; path = sliderTests.xctest; sourceTree = BUILT_PRODUCTS_DIR; };
		302607391F8716B800C7ADC1 /* sliderTests.swift */ = {isa = PBXFileReference; lastKnownFileType = sourcecode.swift; path = sliderTests.swift; sourceTree = "<group>"; };
		3026073B1F8716B800C7ADC1 /* Info.plist */ = {isa = PBXFileReference; lastKnownFileType = text.plist.xml; path = Info.plist; sourceTree = "<group>"; };
		302607401F8716B800C7ADC1 /* sliderUITests.xctest */ = {isa = PBXFileReference; explicitFileType = wrapper.cfbundle; includeInIndex = 0; path = sliderUITests.xctest; sourceTree = BUILT_PRODUCTS_DIR; };
		302607441F8716B800C7ADC1 /* sliderUITests.swift */ = {isa = PBXFileReference; lastKnownFileType = sourcecode.swift; path = sliderUITests.swift; sourceTree = "<group>"; };
		302607461F8716B800C7ADC1 /* Info.plist */ = {isa = PBXFileReference; lastKnownFileType = text.plist.xml; path = Info.plist; sourceTree = "<group>"; };
		302607521F87252200C7ADC1 /* README.md */ = {isa = PBXFileReference; lastKnownFileType = net.daringfireball.markdown; path = README.md; sourceTree = "<group>"; };
/* End PBXFileReference section */

/* Begin PBXFrameworksBuildPhase section */
		3026071E1F8716B800C7ADC1 /* Frameworks */ = {
			isa = PBXFrameworksBuildPhase;
			buildActionMask = 2147483647;
			files = (
			);
			runOnlyForDeploymentPostprocessing = 0;
		};
		302607321F8716B800C7ADC1 /* Frameworks */ = {
			isa = PBXFrameworksBuildPhase;
			buildActionMask = 2147483647;
			files = (
			);
			runOnlyForDeploymentPostprocessing = 0;
		};
		3026073D1F8716B800C7ADC1 /* Frameworks */ = {
			isa = PBXFrameworksBuildPhase;
			buildActionMask = 2147483647;
			files = (
			);
			runOnlyForDeploymentPostprocessing = 0;
		};
/* End PBXFrameworksBuildPhase section */

/* Begin PBXGroup section */
		302607181F8716B800C7ADC1 = {
			isa = PBXGroup;
			children = (
				302607521F87252200C7ADC1 /* README.md */,
				302607231F8716B800C7ADC1 /* slider */,
				302607381F8716B800C7ADC1 /* sliderTests */,
				302607431F8716B800C7ADC1 /* sliderUITests */,
				302607221F8716B800C7ADC1 /* Products */,
			);
			sourceTree = "<group>";
		};
		302607221F8716B800C7ADC1 /* Products */ = {
			isa = PBXGroup;
			children = (
				302607211F8716B800C7ADC1 /* slider.app */,
				302607351F8716B800C7ADC1 /* sliderTests.xctest */,
				302607401F8716B800C7ADC1 /* sliderUITests.xctest */,
			);
			name = Products;
			sourceTree = "<group>";
		};
		302607231F8716B800C7ADC1 /* slider */ = {
			isa = PBXGroup;
			children = (
				302607241F8716B800C7ADC1 /* AppDelegate.swift */,
				302607261F8716B800C7ADC1 /* ViewController.swift */,
				302607281F8716B800C7ADC1 /* Main.storyboard */,
				3026072B1F8716B800C7ADC1 /* Assets.xcassets */,
				3026072D1F8716B800C7ADC1 /* LaunchScreen.storyboard */,
				302607301F8716B800C7ADC1 /* Info.plist */,
			);
			path = slider;
			sourceTree = "<group>";
		};
		302607381F8716B800C7ADC1 /* sliderTests */ = {
			isa = PBXGroup;
			children = (
				302607391F8716B800C7ADC1 /* sliderTests.swift */,
				3026073B1F8716B800C7ADC1 /* Info.plist */,
			);
			path = sliderTests;
			sourceTree = "<group>";
		};
		302607431F8716B800C7ADC1 /* sliderUITests */ = {
			isa = PBXGroup;
			children = (
				302607441F8716B800C7ADC1 /* sliderUITests.swift */,
				302607461F8716B800C7ADC1 /* Info.plist */,
			);
			path = sliderUITests;
			sourceTree = "<group>";
		};
/* End PBXGroup section */

/* Begin PBXNativeTarget section */
		302607201F8716B800C7ADC1 /* slider */ = {
			isa = PBXNativeTarget;
			buildConfigurationList = 302607491F8716B800C7ADC1 /* Build configuration list for PBXNativeTarget "slider" */;
			buildPhases = (
				3026071D1F8716B800C7ADC1 /* Sources */,
				3026071E1F8716B800C7ADC1 /* Frameworks */,
				3026071F1F8716B800C7ADC1 /* Resources */,
			);
			buildRules = (
			);
			dependencies = (
			);
			name = slider;
			productName = slider;
			productReference = 302607211F8716B800C7ADC1 /* slider.app */;
			productType = "com.apple.product-type.application";
		};
		302607341F8716B800C7ADC1 /* sliderTests */ = {
			isa = PBXNativeTarget;
			buildConfigurationList = 3026074C1F8716B800C7ADC1 /* Build configuration list for PBXNativeTarget "sliderTests" */;
			buildPhases = (
				302607311F8716B800C7ADC1 /* Sources */,
				302607321F8716B800C7ADC1 /* Frameworks */,
				302607331F8716B800C7ADC1 /* Resources */,
			);
			buildRules = (
			);
			dependencies = (
				302607371F8716B800C7ADC1 /* PBXTargetDependency */,
			);
			name = sliderTests;
			productName = sliderTests;
			productReference = 302607351F8716B800C7ADC1 /* sliderTests.xctest */;
			productType = "com.apple.product-type.bundle.unit-test";
		};
		3026073F1F8716B800C7ADC1 /* sliderUITests */ = {
			isa = PBXNativeTarget;
			buildConfigurationList = 3026074F1F8716B800C7ADC1 /* Build configuration list for PBXNativeTarget "sliderUITests" */;
			buildPhases = (
				3026073C1F8716B800C7ADC1 /* Sources */,
				3026073D1F8716B800C7ADC1 /* Frameworks */,
				3026073E1F8716B800C7ADC1 /* Resources */,
			);
			buildRules = (
			);
			dependencies = (
				302607421F8716B800C7ADC1 /* PBXTargetDependency */,
			);
			name = sliderUITests;
			productName = sliderUITests;
			productReference = 302607401F8716B800C7ADC1 /* sliderUITests.xctest */;
			productType = "com.apple.product-type.bundle.ui-testing";
		};
/* End PBXNativeTarget section */

/* Begin PBXProject section */
		302607191F8716B800C7ADC1 /* Project object */ = {
			isa = PBXProject;
			attributes = {
				LastSwiftUpdateCheck = 0900;
				LastUpgradeCheck = 0900;
				ORGANIZATIONNAME = fuheyu;
				TargetAttributes = {
					302607201F8716B800C7ADC1 = {
						CreatedOnToolsVersion = 9.0;
						ProvisioningStyle = Automatic;
					};
					302607341F8716B800C7ADC1 = {
						CreatedOnToolsVersion = 9.0;
						ProvisioningStyle = Automatic;
						TestTargetID = 302607201F8716B800C7ADC1;
					};
					3026073F1F8716B800C7ADC1 = {
						CreatedOnToolsVersion = 9.0;
						ProvisioningStyle = Automatic;
						TestTargetID = 302607201F8716B800C7ADC1;
					};
				};
			};
			buildConfigurationList = 3026071C1F8716B800C7ADC1 /* Build configuration list for PBXProject "slider" */;
			compatibilityVersion = "Xcode 8.0";
			developmentRegion = en;
			hasScannedForEncodings = 0;
			knownRegions = (
				en,
				Base,
			);
			mainGroup = 302607181F8716B800C7ADC1;
			productRefGroup = 302607221F8716B800C7ADC1 /* Products */;
			projectDirPath = "";
			projectRoot = "";
			targets = (
				302607201F8716B800C7ADC1 /* slider */,
				302607341F8716B800C7ADC1 /* sliderTests */,
				3026073F1F8716B800C7ADC1 /* sliderUITests */,
			);
		};
/* End PBXProject section */

/* Begin PBXResourcesBuildPhase section */
		3026071F1F8716B800C7ADC1 /* Resources */ = {
			isa = PBXResourcesBuildPhase;
			buildActionMask = 2147483647;
			files = (
				3026072F1F8716B800C7ADC1 /* LaunchScreen.storyboard in Resources */,
				3026072C1F8716B800C7ADC1 /* Assets.xcassets in Resources */,
				3026072A1F8716B800C7ADC1 /* Main.storyboard in Resources */,
			);
			runOnlyForDeploymentPostprocessing = 0;
		};
		302607331F8716B800C7ADC1 /* Resources */ = {
			isa = PBXResourcesBuildPhase;
			buildActionMask = 2147483647;
			files = (
			);
			runOnlyForDeploymentPostprocessing = 0;
		};
		3026073E1F8716B800C7ADC1 /* Resources */ = {
			isa = PBXResourcesBuildPhase;
			buildActionMask = 2147483647;
			files = (
			);
			runOnlyForDeploymentPostprocessing = 0;
		};
/* End PBXResourcesBuildPhase section */

/* Begin PBXSourcesBuildPhase section */
		3026071D1F8716B800C7ADC1 /* Sources */ = {
			isa = PBXSourcesBuildPhase;
			buildActionMask = 2147483647;
			files = (
				302607271F8716B800C7ADC1 /* ViewController.swift in Sources */,
				302607251F8716B800C7ADC1 /* AppDelegate.swift in Sources */,
			);
			runOnlyForDeploymentPostprocessing = 0;
		};
		302607311F8716B800C7ADC1 /* Sources */ = {
			isa = PBXSourcesBuildPhase;
			buildActionMask = 2147483647;
			files = (
				3026073A1F8716B800C7ADC1 /* sliderTests.swift in Sources */,
			);
			runOnlyForDeploymentPostprocessing = 0;
		};
		3026073C1F8716B800C7ADC1 /* Sources */ = {
			isa = PBXSourcesBuildPhase;
			buildActionMask = 2147483647;
			files = (
				302607451F8716B800C7ADC1 /* sliderUITests.swift in Sources */,
			);
			runOnlyForDeploymentPostprocessing = 0;
		};
/* End PBXSourcesBuildPhase section */

/* Begin PBXTargetDependency section */
		302607371F8716B800C7ADC1 /* PBXTargetDependency */ = {
			isa = PBXTargetDependency;
			target = 302607201F8716B800C7ADC1 /* slider */;
			targetProxy = 302607361F8716B800C7ADC1 /* PBXContainerItemProxy */;
		};
		302607421F8716B800C7ADC1 /* PBXTargetDependency */ = {
			isa = PBXTargetDependency;
			target = 302607201F8716B800C7ADC1 /* slider */;
			targetProxy = 302607411F8716B800C7ADC1 /* PBXContainerItemProxy */;
		};
/* End PBXTargetDependency section */

/* Begin PBXVariantGroup section */
		302607281F8716B800C7ADC1 /* Main.storyboard */ = {
			isa = PBXVariantGroup;
			children = (
				302607291F8716B800C7ADC1 /* Base */,
			);
			name = Main.storyboard;
			sourceTree = "<group>";
		};
		3026072D1F8716B800C7ADC1 /* LaunchScreen.storyboard */ = {
			isa = PBXVariantGroup;
			children = (
				3026072E1F8716B800C7ADC1 /* Base */,
			);
			name = LaunchScreen.storyboard;
			sourceTree = "<group>";
		};
/* End PBXVariantGroup section */

/* Begin XCBuildConfiguration section */
		302607471F8716B800C7ADC1 /* Debug */ = {
			isa = XCBuildConfiguration;
			buildSettings = {
				ALWAYS_SEARCH_USER_PATHS = NO;
				CLANG_ANALYZER_NONNULL = YES;
				CLANG_ANALYZER_NUMBER_OBJECT_CONVERSION = YES_AGGRESSIVE;
				CLANG_CXX_LANGUAGE_STANDARD = "gnu++14";
				CLANG_CXX_LIBRARY = "libc++";
				CLANG_ENABLE_MODULES = YES;
				CLANG_ENABLE_OBJC_ARC = YES;
				CLANG_WARN_BLOCK_CAPTURE_AUTORELEASING = YES;
				CLANG_WARN_BOOL_CONVERSION = YES;
				CLANG_WARN_COMMA = YES;
				CLANG_WARN_CONSTANT_CONVERSION = YES;
				CLANG_WARN_DIRECT_OBJC_ISA_USAGE = YES_ERROR;
				CLANG_WARN_DOCUMENTATION_COMMENTS = YES;
				CLANG_WARN_EMPTY_BODY = YES;
				CLANG_WARN_ENUM_CONVERSION = YES;
				CLANG_WARN_INFINITE_RECURSION = YES;
				CLANG_WARN_INT_CONVERSION = YES;
				CLANG_WARN_NON_LITERAL_NULL_CONVERSION = YES;
				CLANG_WARN_OBJC_LITERAL_CONVERSION = YES;
				CLANG_WARN_OBJC_ROOT_CLASS = YES_ERROR;
				CLANG_WARN_RANGE_LOOP_ANALYSIS = YES;
				CLANG_WARN_STRICT_PROTOTYPES = YES;
				CLANG_WARN_SUSPICIOUS_MOVE = YES;
				CLANG_WARN_UNGUARDED_AVAILABILITY = YES_AGGRESSIVE;
				CLANG_WARN_UNREACHABLE_CODE = YES;
				CLANG_WARN__DUPLICATE_METHOD_MATCH = YES;
				CODE_SIGN_IDENTITY = "iPhone Developer";
				COPY_PHASE_STRIP = NO;
				DEBUG_INFORMATION_FORMAT = dwarf;
				ENABLE_STRICT_OBJC_MSGSEND = YES;
				ENABLE_TESTABILITY = YES;
				GCC_C_LANGUAGE_STANDARD = gnu11;
				GCC_DYNAMIC_NO_PIC = NO;
				GCC_NO_COMMON_BLOCKS = YES;
				GCC_OPTIMIZATION_LEVEL = 0;
				GCC_PREPROCESSOR_DEFINITIONS = (
					"DEBUG=1",
					"$(inherited)",
				);
				GCC_WARN_64_TO_32_BIT_CONVERSION = YES;
				GCC_WARN_ABOUT_RETURN_TYPE = YES_ERROR;
				GCC_WARN_UNDECLARED_SELECTOR = YES;
				GCC_WARN_UNINITIALIZED_AUTOS = YES_AGGRESSIVE;
				GCC_WARN_UNUSED_FUNCTION = YES;
				GCC_WARN_UNUSED_VARIABLE = YES;
				IPHONEOS_DEPLOYMENT_TARGET = 11.0;
				MTL_ENABLE_DEBUG_INFO = YES;
				ONLY_ACTIVE_ARCH = YES;
				SDKROOT = iphoneos;
				SWIFT_ACTIVE_COMPILATION_CONDITIONS = DEBUG;
				SWIFT_OPTIMIZATION_LEVEL = "-Onone";
			};
			name = Debug;
		};
		302607481F8716B800C7ADC1 /* Release */ = {
			isa = XCBuildConfiguration;
			buildSettings = {
				ALWAYS_SEARCH_USER_PATHS = NO;
				CLANG_ANALYZER_NONNULL = YES;
				CLANG_ANALYZER_NUMBER_OBJECT_CONVERSION = YES_AGGRESSIVE;
				CLANG_CXX_LANGUAGE_STANDARD = "gnu++14";
				CLANG_CXX_LIBRARY = "libc++";
				CLANG_ENABLE_MODULES = YES;
				CLANG_ENABLE_OBJC_ARC = YES;
				CLANG_WARN_BLOCK_CAPTURE_AUTORELEASING = YES;
				CLANG_WARN_BOOL_CONVERSION = YES;
				CLANG_WARN_COMMA = YES;
				CLANG_WARN_CONSTANT_CONVERSION = YES;
				CLANG_WARN_DIRECT_OBJC_ISA_USAGE = YES_ERROR;
				CLANG_WARN_DOCUMENTATION_COMMENTS = YES;
				CLANG_WARN_EMPTY_BODY = YES;
				CLANG_WARN_ENUM_CONVERSION = YES;
				CLANG_WARN_INFINITE_RECURSION = YES;
				CLANG_WARN_INT_CONVERSION = YES;
				CLANG_WARN_NON_LITERAL_NULL_CONVERSION = YES;
				CLANG_WARN_OBJC_LITERAL_CONVERSION = YES;
				CLANG_WARN_OBJC_ROOT_CLASS = YES_ERROR;
				CLANG_WARN_RANGE_LOOP_ANALYSIS = YES;
				CLANG_WARN_STRICT_PROTOTYPES = YES;
				CLANG_WARN_SUSPICIOUS_MOVE = YES;
				CLANG_WARN_UNGUARDED_AVAILABILITY = YES_AGGRESSIVE;
				CLANG_WARN_UNREACHABLE_CODE = YES;
				CLANG_WARN__DUPLICATE_METHOD_MATCH = YES;
				CODE_SIGN_IDENTITY = "iPhone Developer";
				COPY_PHASE_STRIP = NO;
				DEBUG_INFORMATION_FORMAT = "dwarf-with-dsym";
				ENABLE_NS_ASSERTIONS = NO;
				ENABLE_STRICT_OBJC_MSGSEND = YES;
				GCC_C_LANGUAGE_STANDARD = gnu11;
				GCC_NO_COMMON_BLOCKS = YES;
				GCC_WARN_64_TO_32_BIT_CONVERSION = YES;
				GCC_WARN_ABOUT_RETURN_TYPE = YES_ERROR;
				GCC_WARN_UNDECLARED_SELECTOR = YES;
				GCC_WARN_UNINITIALIZED_AUTOS = YES_AGGRESSIVE;
				GCC_WARN_UNUSED_FUNCTION = YES;
				GCC_WARN_UNUSED_VARIABLE = YES;
				IPHONEOS_DEPLOYMENT_TARGET = 11.0;
				MTL_ENABLE_DEBUG_INFO = NO;
				SDKROOT = iphoneos;
				SWIFT_OPTIMIZATION_LEVEL = "-Owholemodule";
				VALIDATE_PRODUCT = YES;
			};
			name = Release;
		};
		3026074A1F8716B800C7ADC1 /* Debug */ = {
			isa = XCBuildConfiguration;
			buildSettings = {
				ASSETCATALOG_COMPILER_APPICON_NAME = AppIcon;
				CODE_SIGN_STYLE = Automatic;
				INFOPLIST_FILE = slider/Info.plist;
				LD_RUNPATH_SEARCH_PATHS = "$(inherited) @executable_path/Frameworks";
				PRODUCT_BUNDLE_IDENTIFIER = funer.slider;
				PRODUCT_NAME = "$(TARGET_NAME)";
				SWIFT_VERSION = 4.0;
				TARGETED_DEVICE_FAMILY = "1,2";
			};
			name = Debug;
		};
		3026074B1F8716B800C7ADC1 /* Release */ = {
			isa = XCBuildConfiguration;
			buildSettings = {
				ASSETCATALOG_COMPILER_APPICON_NAME = AppIcon;
				CODE_SIGN_STYLE = Automatic;
				INFOPLIST_FILE = slider/Info.plist;
				LD_RUNPATH_SEARCH_PATHS = "$(inherited) @executable_path/Frameworks";
				PRODUCT_BUNDLE_IDENTIFIER = funer.slider;
				PRODUCT_NAME = "$(TARGET_NAME)";
				SWIFT_VERSION = 4.0;
				TARGETED_DEVICE_FAMILY = "1,2";
			};
			name = Release;
		};
		3026074D1F8716B800C7ADC1 /* Debug */ = {
			isa = XCBuildConfiguration;
			buildSettings = {
				ALWAYS_EMBED_SWIFT_STANDARD_LIBRARIES = YES;
				BUNDLE_LOADER = "$(TEST_HOST)";
				CODE_SIGN_STYLE = Automatic;
				INFOPLIST_FILE = sliderTests/Info.plist;
				LD_RUNPATH_SEARCH_PATHS = "$(inherited) @executable_path/Frameworks @loader_path/Frameworks";
				PRODUCT_BUNDLE_IDENTIFIER = funer.sliderTests;
				PRODUCT_NAME = "$(TARGET_NAME)";
				SWIFT_VERSION = 4.0;
				TARGETED_DEVICE_FAMILY = "1,2";
				TEST_HOST = "$(BUILT_PRODUCTS_DIR)/slider.app/slider";
			};
			name = Debug;
		};
		3026074E1F8716B800C7ADC1 /* Release */ = {
			isa = XCBuildConfiguration;
			buildSettings = {
				ALWAYS_EMBED_SWIFT_STANDARD_LIBRARIES = YES;
				BUNDLE_LOADER = "$(TEST_HOST)";
				CODE_SIGN_STYLE = Automatic;
				INFOPLIST_FILE = sliderTests/Info.plist;
				LD_RUNPATH_SEARCH_PATHS = "$(inherited) @executable_path/Frameworks @loader_path/Frameworks";
				PRODUCT_BUNDLE_IDENTIFIER = funer.sliderTests;
				PRODUCT_NAME = "$(TARGET_NAME)";
				SWIFT_VERSION = 4.0;
				TARGETED_DEVICE_FAMILY = "1,2";
				TEST_HOST = "$(BUILT_PRODUCTS_DIR)/slider.app/slider";
			};
			name = Release;
		};
		302607501F8716B800C7ADC1 /* Debug */ = {
			isa = XCBuildConfiguration;
			buildSettings = {
				ALWAYS_EMBED_SWIFT_STANDARD_LIBRARIES = YES;
				CODE_SIGN_STYLE = Automatic;
				INFOPLIST_FILE = sliderUITests/Info.plist;
				LD_RUNPATH_SEARCH_PATHS = "$(inherited) @executable_path/Frameworks @loader_path/Frameworks";
				PRODUCT_BUNDLE_IDENTIFIER = funer.sliderUITests;
				PRODUCT_NAME = "$(TARGET_NAME)";
				SWIFT_VERSION = 4.0;
				TARGETED_DEVICE_FAMILY = "1,2";
				TEST_TARGET_NAME = slider;
			};
			name = Debug;
		};
		302607511F8716B800C7ADC1 /* Release */ = {
			isa = XCBuildConfiguration;
			buildSettings = {
				ALWAYS_EMBED_SWIFT_STANDARD_LIBRARIES = YES;
				CODE_SIGN_STYLE = Automatic;
				INFOPLIST_FILE = sliderUITests/Info.plist;
				LD_RUNPATH_SEARCH_PATHS = "$(inherited) @executable_path/Frameworks @loader_path/Frameworks";
				PRODUCT_BUNDLE_IDENTIFIER = funer.sliderUITests;
				PRODUCT_NAME = "$(TARGET_NAME)";
				SWIFT_VERSION = 4.0;
				TARGETED_DEVICE_FAMILY = "1,2";
				TEST_TARGET_NAME = slider;
			};
			name = Release;
		};
/* End XCBuildConfiguration section */

/* Begin XCConfigurationList section */
		3026071C1F8716B800C7ADC1 /* Build configuration list for PBXProject "slider" */ = {
			isa = XCConfigurationList;
			buildConfigurations = (
				302607471F8716B800C7ADC1 /* Debug */,
				302607481F8716B800C7ADC1 /* Release */,
			);
			defaultConfigurationIsVisible = 0;
			defaultConfigurationName = Release;
		};
		302607491F8716B800C7ADC1 /* Build configuration list for PBXNativeTarget "slider" */ = {
			isa = XCConfigurationList;
			buildConfigurations = (
				3026074A1F8716B800C7ADC1 /* Debug */,
				3026074B1F8716B800C7ADC1 /* Release */,
			);
			defaultConfigurationIsVisible = 0;
			defaultConfigurationName = Release;
		};
		3026074C1F8716B800C7ADC1 /* Build configuration list for PBXNativeTarget "sliderTests" */ = {
			isa = XCConfigurationList;
			buildConfigurations = (
				3026074D1F8716B800C7ADC1 /* Debug */,
				3026074E1F8716B800C7ADC1 /* Release */,
			);
			defaultConfigurationIsVisible = 0;
			defaultConfigurationName = Release;
		};
		3026074F1F8716B800C7ADC1 /* Build configuration list for PBXNativeTarget "sliderUITests" */ = {
			isa = XCConfigurationList;
			buildConfigurations = (
				302607501F8716B800C7ADC1 /* Debug */,
				302607511F8716B800C7ADC1 /* Release */,
			);
			defaultConfigurationIsVisible = 0;
			defaultConfigurationName = Release;
		};
/* End XCConfigurationList section */
	};
	rootObject = 302607191F8716B800C7ADC1 /* Project object */;
}
